{
  "originHash" : "34bf0bb8f060cb50e3c87224531921fda74e88c8c370ee3a4193b621ed08ff90",
  "pins" : [
    {
      "identity" : "pageboy",
      "kind" : "remoteSourceControl",
      "location" : "https://github.com/uias/Pageboy.git",
      "state" : {
        "revision" : "293e7860ac0eafabd7301cad5fe69bdabde56102",
        "version" : "5.0.2"
      }
    },
    {
      "identity" : "tabman",
      "kind" : "remoteSourceControl",
      "location" : "https://github.com/uias/Tabman.git",
      "state" : {
        "revision" : "030dd80277bb36c9a832f232ff85af1b436cabd8",
        "version" : "4.0.1"
      }
    }
  ],
  "version" : 3
}
